# THIS IS AN AUTOGENERATED FILE. DO NOT EDIT THIS FILE DIRECTLY.
# yarn lockfile v1


"@babel/runtime@^7.0.0", "@babel/runtime@^7.1.2", "@babel/runtime@^7.10.1", "@babel/runtime@^7.11.1", "@babel/runtime@^7.11.2", "@babel/runtime@^7.12.5", "@babel/runtime@^7.2.0":
  version "7.15.4"
  resolved "https://registry.yarnpkg.com/@babel/runtime/-/runtime-7.15.4.tgz#fd17d16bfdf878e6dd02d19753a39fa8a8d9c84a"
  integrity sha512-99catp6bHCaxr4sJ/DbTGgHS4+Rs2RVd2g7iOap6SLGPDknRK9ztKNsE/Fg6QhSeh1FGE5f6gHGQmvvn3I3xhw==
  dependencies:
    regenerator-runtime "^0.13.4"

"@matejmazur/react-katex@^3.1.3":
  version "3.1.3"
  resolved "https://registry.yarnpkg.com/@matejmazur/react-katex/-/react-katex-3.1.3.tgz#f07404c848b93bfef9ed9653a4bb080dc8bf2bf0"
  integrity sha512-rBp7mJ9An7ktNoU653BWOYdO4FoR4YNwofHZi+vaytX/nWbIlmHVIF+X8VFOn6c3WYmrLT5FFBjKqCZ1sjR5uQ==

"@types/js-cookie@^2.2.6":
  version "2.2.7"
  resolved "https://registry.yarnpkg.com/@types/js-cookie/-/js-cookie-2.2.7.tgz#226a9e31680835a6188e887f3988e60c04d3f6a3"
  integrity sha512-aLkWa0C0vO5b4Sr798E26QgOkss68Un0bLjs7u9qxzPT5CG+8DuNTffWES58YzJs3hrVAOs1wonycqEBqNJubA==

"@types/lodash.throttle@^4.1.6":
  version "4.1.6"
  resolved "https://registry.yarnpkg.com/@types/lodash.throttle/-/lodash.throttle-4.1.6.tgz#f5ba2c22244ee42ff6c2c49e614401a870c1009c"
  integrity sha512-/UIH96i/sIRYGC60NoY72jGkCJtFN5KVPhEMMMTjol65effe1gPn0tycJqV5tlSwMTzX8FqzB5yAj0rfGHTPNg==
  dependencies:
    "@types/lodash" "*"

"@types/lodash@*":
  version "4.14.172"
  resolved "https://registry.yarnpkg.com/@types/lodash/-/lodash-4.14.172.tgz#aad774c28e7bfd7a67de25408e03ee5a8c3d028a"
  integrity sha512-/BHF5HAx3em7/KkzVKm3LrsD6HZAXuXO1AJZQ3cRRBZj4oHZDviWPYu0aEplAqDFNHZPW6d3G7KN+ONcCCC7pw==

"@types/node@^14.14.25":
  version "14.17.15"
  resolved "https://registry.yarnpkg.com/@types/node/-/node-14.17.15.tgz#d5ebfb62a69074ebb85cbe0529ad917bb8f2bae8"
  integrity sha512-D1sdW0EcSCmNdLKBGMYb38YsHUS6JcM7yQ6sLQ9KuZ35ck7LYCKE7kYFHOO59ayFOY3zobWVZxf4KXhYHcHYFA==

"@types/pdfjs-dist@*":
  version "2.7.4"
  resolved "https://registry.yarnpkg.com/@types/pdfjs-dist/-/pdfjs-dist-2.7.4.tgz#b8f618d382f6d5d14acb6c351ced784f48f4551b"
  integrity sha512-X4CpJgsDr44/xq/SK8NukTV2uyRAMz9dXAVHMUtJrBPtpf4CYnbQevmD95G9fbNwsjJNItOlgsS+yECrBJLUHw==

"@types/prop-types@*":
  version "15.7.4"
  resolved "https://registry.yarnpkg.com/@types/prop-types/-/prop-types-15.7.4.tgz#fcf7205c25dff795ee79af1e30da2c9790808f11"
  integrity sha512-rZ5drC/jWjrArrS8BR6SIr4cWpW09RNTYt9AMZo3Jwwif+iacXAqgVjm0B0Bv/S1jhDXKHqRVNCbACkJ89RAnQ==

"@types/react-dom@^17.0.3":
  version "17.0.9"
  resolved "https://registry.yarnpkg.com/@types/react-dom/-/react-dom-17.0.9.tgz#441a981da9d7be117042e1a6fd3dac4b30f55add"
  integrity sha512-wIvGxLfgpVDSAMH5utdL9Ngm5Owu0VsGmldro3ORLXV8CShrL8awVj06NuEXFQ5xyaYfdca7Sgbk/50Ri1GdPg==
  dependencies:
    "@types/react" "*"

"@types/react-modal@^3.10.6":
  version "3.12.1"
  resolved "https://registry.yarnpkg.com/@types/react-modal/-/react-modal-3.12.1.tgz#fd1558762ed96020291b831190c85bc721aad3c1"
  integrity sha512-pgq/jAnSJqHX7NXTFyUSXwlFOBUGngBXavFmAIKE7bkM7WNKyF/9XvmMr2+eIBOvR8waiA0Nj2qHfDZqMgeT6w==
  dependencies:
    "@types/react" "*"

"@types/react-pdf@^5.0.1":
  version "5.0.6"
  resolved "https://registry.yarnpkg.com/@types/react-pdf/-/react-pdf-5.0.6.tgz#c62b7d76c748a6086298065ceed838de8cc4cded"
  integrity sha512-2gnA08yUwKA3PY6936YCIhlzG7xBJ2NdH6k7MCkAq4JLGMcBWJwtrkNjghicm22uS0j7IQmNDOs5/fEHWtJFFQ==
  dependencies:
    "@types/pdfjs-dist" "*"
    "@types/react" "*"

"@types/react@*", "@types/react@^17.0.4":
  version "17.0.20"
  resolved "https://registry.yarnpkg.com/@types/react/-/react-17.0.20.tgz#a4284b184d47975c71658cd69e759b6bd37c3b8c"
  integrity sha512-wWZrPlihslrPpcKyCSlmIlruakxr57/buQN1RjlIeaaTWDLtJkTtRW429MoQJergvVKc4IWBpRhWw7YNh/7GVA==
  dependencies:
    "@types/prop-types" "*"
    "@types/scheduler" "*"
    csstype "^3.0.2"

"@types/scheduler@*":
  version "0.16.2"
  resolved "https://registry.yarnpkg.com/@types/scheduler/-/scheduler-0.16.2.tgz#1a62f89525723dde24ba1b01b092bf5df8ad4d39"
  integrity sha512-hppQEBDmlwhFAXKJX2KnWLYu5yMfi91yazPb2l+lbJiwW+wdo1gNeRA+3RgNSO39WYX2euey41KEwnqesU2Jew==

"@xobotyi/scrollbar-width@^1.9.5":
  version "1.9.5"
  resolved "https://registry.yarnpkg.com/@xobotyi/scrollbar-width/-/scrollbar-width-1.9.5.tgz#80224a6919272f405b87913ca13b92929bdf3c4d"
  integrity sha512-N8tkAACJx2ww8vFMneJmaAgmjAG1tnVBZJRLRcx061tmsLRZHSEZSLuGWnwPtunsSLvSqXQ2wfp7Mgqg1I+2dQ==

ajv-keywords@^3.1.0:
  version "3.5.2"
  resolved "https://registry.yarnpkg.com/ajv-keywords/-/ajv-keywords-3.5.2.tgz#31f29da5ab6e00d1c2d329acf7b5929614d5014d"
  integrity sha512-5p6WTN0DdTGVQk6VjcEju19IgaHudalcfabD7yhDGeA6bcQnmL+CpveLJq/3hvfwd1aof6L386Ougkx6RfyMIQ==

ajv@^6.1.0:
  version "6.12.6"
  resolved "https://registry.yarnpkg.com/ajv/-/ajv-6.12.6.tgz#baf5a62e802b07d977034586f8c3baf5adf26df4"
  integrity sha512-j3fVLgvTo527anyYyJOGTYJbG+vnnQYvE0m5mmkc1TK+nxAppkCLMIL0aZ4dblVCNoGShhm+kzE4ZUykBoMg4g==
  dependencies:
    fast-deep-equal "^3.1.1"
    fast-json-stable-stringify "^2.0.0"
    json-schema-traverse "^0.4.1"
    uri-js "^4.2.2"

big.js@^5.2.2:
  version "5.2.2"
  resolved "https://registry.yarnpkg.com/big.js/-/big.js-5.2.2.tgz#65f0af382f578bcdc742bd9c281e9cb2d7768328"
  integrity sha512-vyL2OymJxmarO8gxMr0mhChsO9QGwhynfuu4+MHTAW6czfq9humCB7rKpUjDd9YUiDPU4mzpyupFSvOClAwbmQ==

classnames@2.x, classnames@^2.2.1, classnames@^2.2.6:
  version "2.3.1"
  resolved "https://registry.yarnpkg.com/classnames/-/classnames-2.3.1.tgz#dfcfa3891e306ec1dad105d0e88f4417b8535e8e"
  integrity sha512-OlQdbZ7gLfGarSqxesMesDa5uz7KFbID8Kpq/SxIoNGDqY8lSYs0D+hhtBXhcdB3rcbXArFr7vlHheLk1voeNA==

commander@^2.19.0:
  version "2.20.3"
  resolved "https://registry.yarnpkg.com/commander/-/commander-2.20.3.tgz#fd485e84c03eb4881c20722ba48035e8531aeb33"
  integrity sha512-GpVkmM8vF2vQUkj2LvZmD35JxeJOLCwJ9cUkugyk2nuhbv3+mJvpLYYt+0+USMxE+oj+ey/lJEnhZw75x/OMcQ==

copy-to-clipboard@^3.3.1:
  version "3.3.1"
  resolved "https://registry.yarnpkg.com/copy-to-clipboard/-/copy-to-clipboard-3.3.1.tgz#115aa1a9998ffab6196f93076ad6da3b913662ae"
  integrity sha512-i13qo6kIHTTpCm8/Wup+0b1mVWETvu2kIMzKoK8FpkLkFxlt0znUAHcMzox+T8sPlqtZXq3CulEjQHsYiGFJUw==
  dependencies:
    toggle-selection "^1.0.6"

css-in-js-utils@^2.0.0:
  version "2.0.1"
  resolved "https://registry.yarnpkg.com/css-in-js-utils/-/css-in-js-utils-2.0.1.tgz#3b472b398787291b47cfe3e44fecfdd9e914ba99"
  integrity sha512-PJF0SpJT+WdbVVt0AOYp9C8GnuruRlL/UFW7932nLWmFLQTaWEzTBQEx7/hn4BuV+WON75iAViSUJLiU3PKbpA==
  dependencies:
    hyphenate-style-name "^1.0.2"
    isobject "^3.0.1"

css-tree@^1.1.2:
  version "1.1.3"
  resolved "https://registry.yarnpkg.com/css-tree/-/css-tree-1.1.3.tgz#eb4870fb6fd7707327ec95c2ff2ab09b5e8db91d"
  integrity sha512-tRpdppF7TRazZrjJ6v3stzv93qxRcSsFmW6cX0Zm2NVKpxE1WV1HblnghVv9TreireHkqI/VDEsfolRF1p6y7Q==
  dependencies:
    mdn-data "2.0.14"
    source-map "^0.6.1"

csstype@^3.0.2, csstype@^3.0.6:
  version "3.0.8"
  resolved "https://registry.yarnpkg.com/csstype/-/csstype-3.0.8.tgz#d2266a792729fb227cd216fb572f43728e1ad340"
  integrity sha512-jXKhWqXPmlUeoQnF/EhTtTl4C9SnrxSH/jZUih3jmO6lBKr99rP3/+FmrMj4EFpOXzMtXHAZkd3x0E6h6Fgflw==

date-fns@^2.15.0:
  version "2.23.0"
  resolved "https://registry.yarnpkg.com/date-fns/-/date-fns-2.23.0.tgz#4e886c941659af0cf7b30fafdd1eaa37e88788a9"
  integrity sha512-5ycpauovVyAk0kXNZz6ZoB9AYMZB4DObse7P3BPWmyEjXNORTI8EJ6X0uaSAq4sCHzM1uajzrkr6HnsLQpxGXA==

dom-align@^1.7.0:
  version "1.12.2"
  resolved "https://registry.yarnpkg.com/dom-align/-/dom-align-1.12.2.tgz#0f8164ebd0c9c21b0c790310493cd855892acd4b"
  integrity sha512-pHuazgqrsTFrGU2WLDdXxCFabkdQDx72ddkraZNih1KsMcN5qsRSTR9O4VJRlwTPCPb5COYg3LOfiMHHcPInHg==

emojis-list@^3.0.0:
  version "3.0.0"
  resolved "https://registry.yarnpkg.com/emojis-list/-/emojis-list-3.0.0.tgz#5570662046ad29e2e916e71aae260abdff4f6a78"
  integrity sha512-/kyM18EfinwXZbno9FyUGeFh87KC8HRQBQGildHZbEuRyWFOmv1U10o9BBp8XVZDVNNuQKyIGIu5ZYAAXJ0V2Q==

error-stack-parser@^2.0.6:
  version "2.0.6"
  resolved "https://registry.yarnpkg.com/error-stack-parser/-/error-stack-parser-2.0.6.tgz#5a99a707bd7a4c58a797902d48d82803ede6aad8"
  integrity sha512-d51brTeqC+BHlwF0BhPtcYgF5nlzf9ZZ0ZIUQNZpc9ZB9qw5IJ2diTrBY9jlCJkTLITYPjmiX6OWCwH+fuyNgQ==
  dependencies:
    stackframe "^1.1.1"

eventemitter3@^4.0.4:
  version "4.0.7"
  resolved "https://registry.yarnpkg.com/eventemitter3/-/eventemitter3-4.0.7.tgz#2de9b68f6528d5644ef5c59526a1b4a07306169f"
  integrity sha512-8guHBZCwKnFhYdHr2ysuRWErTwhoN2X8XELRlrRwpmfeY2jjuUN4taQMsULKUVo1K4DvZl+0pgfyoysHxvmvEw==

exenv@^1.2.0:
  version "1.2.2"
  resolved "https://registry.yarnpkg.com/exenv/-/exenv-1.2.2.tgz#2ae78e85d9894158670b03d47bec1f03bd91bb9d"
  integrity sha1-KueOhdmJQVhnCwPUe+wfA72Ru50=

fast-deep-equal@^3.1.1, fast-deep-equal@^3.1.3:
  version "3.1.3"
  resolved "https://registry.yarnpkg.com/fast-deep-equal/-/fast-deep-equal-3.1.3.tgz#3a7d56b559d6cbc3eb512325244e619a65c6c525"
  integrity sha512-f3qQ9oQy9j2AhBe/H9VC91wLmKBCCU/gDOnKNAYG5hswO7BLKj09Hc5HYNz9cGI++xlpDCIgDaitVs03ATR84Q==

fast-json-stable-stringify@^2.0.0:
  version "2.1.0"
  resolved "https://registry.yarnpkg.com/fast-json-stable-stringify/-/fast-json-stable-stringify-2.1.0.tgz#874bf69c6f404c2b5d99c481341399fd55892633"
  integrity sha512-lhd/wF+Lk98HZoTCtlVraHtfh5XYijIjalXck7saUtuanSDyLMxnHhSXEDJqHxD7msR8D0uCmqlkwjCV8xvwHw==

fast-shallow-equal@^1.0.0:
  version "1.0.0"
  resolved "https://registry.yarnpkg.com/fast-shallow-equal/-/fast-shallow-equal-1.0.0.tgz#d4dcaf6472440dcefa6f88b98e3251e27f25628b"
  integrity sha512-HPtaa38cPgWvaCFmRNhlc6NG7pv6NUHqjPgVAkWGoB9mQMwYB27/K0CvOM5Czy+qpT3e8XJ6Q4aPAnzpNpzNaw==

fastest-stable-stringify@^2.0.2:
  version "2.0.2"
  resolved "https://registry.yarnpkg.com/fastest-stable-stringify/-/fastest-stable-stringify-2.0.2.tgz#3757a6774f6ec8de40c4e86ec28ea02417214c76"
  integrity sha512-bijHueCGd0LqqNK9b5oCMHc0MluJAx0cwqASgbWMvkO01lCYgIhacVRLcaDz3QnyYIRNJRDwMb41VuT6pHJ91Q==

format-number@^3.0.0:
  version "3.0.0"
  resolved "https://registry.yarnpkg.com/format-number/-/format-number-3.0.0.tgz#92bbf34ce5e04eb637a9a3a4f65980d5af137393"
  integrity sha512-RWcbtINcRZ2DWCo4EcJgOJUYIwtsY5LKlTtL5OX1vfGsxEEK5mKaGxZC0p4Mgy63vXR12rut3lnjwCQ8YIlRMw==

hoist-non-react-statics@^3.3.2:
  version "3.3.2"
  resolved "https://registry.yarnpkg.com/hoist-non-react-statics/-/hoist-non-react-statics-3.3.2.tgz#ece0acaf71d62c2969c2ec59feff42a4b1a85b45"
  integrity sha512-/gGivxi8JPKWNm/W0jSmzcMPpfpPLc3dY/6GxhX2hQ9iGj3aDfklV4ET7NjKpSinLpJ5vafa9iiGIEZg10SfBw==
  dependencies:
    react-is "^16.7.0"

hotkeys-js@3.8.7:
  version "3.8.7"
  resolved "https://registry.yarnpkg.com/hotkeys-js/-/hotkeys-js-3.8.7.tgz#c16cab978b53d7242f860ca3932e976b92399981"
  integrity sha512-ckAx3EkUr5XjDwjEHDorHxRO2Kb7z6Z2Sxul4MbBkN8Nho7XDslQsgMJT+CiJ5Z4TgRxxvKHEpuLE3imzqy4Lg==

hyphenate-style-name@^1.0.2:
  version "1.0.4"
  resolved "https://registry.yarnpkg.com/hyphenate-style-name/-/hyphenate-style-name-1.0.4.tgz#691879af8e220aea5750e8827db4ef62a54e361d"
  integrity sha512-ygGZLjmXfPHj+ZWh6LwbC37l43MhfztxetbFCoYTM2VjkIUpeHgSNn7QIyVFj7YQ1Wl9Cbw5sholVJPzWvC2MQ==

inline-style-prefixer@^6.0.0:
  version "6.0.0"
  resolved "https://registry.yarnpkg.com/inline-style-prefixer/-/inline-style-prefixer-6.0.0.tgz#f73d5dbf2855733d6b153a4d24b7b47a73e9770b"
  integrity sha512-XTHvRUS4ZJNzC1GixJRmOlWSS45fSt+DJoyQC9ytj0WxQfcgofQtDtyKKYxHUqEsWCs+LIWftPF1ie7+i012Fg==
  dependencies:
    css-in-js-utils "^2.0.0"

invariant@^2.2.4:
  version "2.2.4"
  resolved "https://registry.yarnpkg.com/invariant/-/invariant-2.2.4.tgz#610f3c92c9359ce1db616e538008d23ff35158e6"
  integrity sha512-phJfQVBuaJM5raOpJjSfkiD6BpbCE4Ns//LaXl6wGYtUBY83nWS6Rf9tXm2e8VaK60JEjYldbPif/A2B1C2gNA==
  dependencies:
    loose-envify "^1.0.0"

is-url-superb@^4.0.0:
  version "4.0.0"
  resolved "https://registry.yarnpkg.com/is-url-superb/-/is-url-superb-4.0.0.tgz#b54d1d2499bb16792748ac967aa3ecb41a33a8c2"
  integrity sha512-GI+WjezhPPcbM+tqE9LnmsY5qqjwHzTvjJ36wxYX5ujNXefSUJ/T17r5bqDV8yLhcgB59KTPNOc9O9cmHTPWsA==

isobject@^3.0.1:
  version "3.0.1"
  resolved "https://registry.yarnpkg.com/isobject/-/isobject-3.0.1.tgz#4e431e92b11a9731636aa1f9c8d1ccbcfdab78df"
  integrity sha1-TkMekrEalzFjaqH5yNHMvP2reN8=

js-cookie@^2.2.1:
  version "2.2.1"
  resolved "https://registry.yarnpkg.com/js-cookie/-/js-cookie-2.2.1.tgz#69e106dc5d5806894562902aa5baec3744e9b2b8"
  integrity sha512-HvdH2LzI/EAZcUwA8+0nKNtWHqS+ZmijLA30RwZA0bo7ToCckjK5MkGhjED9KoRcXO6BaGI3I9UIzSA1FKFPOQ==

"js-tokens@^3.0.0 || ^4.0.0":
  version "4.0.0"
  resolved "https://registry.yarnpkg.com/js-tokens/-/js-tokens-4.0.0.tgz#19203fb59991df98e3a287050d4647cdeaf32499"
  integrity sha512-RdJUflcE3cUzKiMqQgsCu06FPu9UdIJO0beYbPhHN4k6apgJtifcoCtT9bcxOpYBtpD2kCM6Sbzg4CausW/PKQ==

json-schema-traverse@^0.4.1:
  version "0.4.1"
  resolved "https://registry.yarnpkg.com/json-schema-traverse/-/json-schema-traverse-0.4.1.tgz#69f6a87d9513ab8bb8fe63bdb0979c448e684660"
  integrity sha512-xbbCH5dCYU5T8LcEhhuh7HJ88HXuW3qsI3Y0zOZFKfZEHcpWiHU/Jxzk629Brsab/mMiHQti9wMP+845RPe3Vg==

json5@^1.0.1:
  version "1.0.1"
  resolved "https://registry.yarnpkg.com/json5/-/json5-1.0.1.tgz#779fb0018604fa854eacbf6252180d83543e3dbe"
  integrity sha512-aKS4WQjPenRxiQsC93MNfjx+nbF4PAdYzmd/1JIj8HYzqfbu86beTuNgXDzPknWk0n0uARlyewZo4s++ES36Ow==
  dependencies:
    minimist "^1.2.0"

katex@^0.12.0:
  version "0.12.0"
  resolved "https://registry.yarnpkg.com/katex/-/katex-0.12.0.tgz#2fb1c665dbd2b043edcf8a1f5c555f46beaa0cb9"
  integrity sha512-y+8btoc/CK70XqcHqjxiGWBOeIL8upbS0peTPXTvgrh21n1RiWWcIpSWM+4uXq+IAgNh9YYQWdc7LVDPDAEEAg==
  dependencies:
    commander "^2.19.0"

loader-utils@^1.0.0:
  version "1.4.0"
  resolved "https://registry.yarnpkg.com/loader-utils/-/loader-utils-1.4.0.tgz#c579b5e34cb34b1a74edc6c1fb36bfa371d5a613"
  integrity sha512-qH0WSMBtn/oHuwjy/NucEgbx5dbxxnxup9s4PVXJUDHZBQY+s0NWA9rJf53RBnQZxfch7euUui7hpoAPvALZdA==
  dependencies:
    big.js "^5.2.2"
    emojis-list "^3.0.0"
    json5 "^1.0.1"

lodash.throttle@^4.1.1:
  version "4.1.1"
  resolved "https://registry.yarnpkg.com/lodash.throttle/-/lodash.throttle-4.1.1.tgz#c23e91b710242ac70c37f1e1cda9274cc39bf2f4"
  integrity sha1-wj6RtxAkKscMN/HhzaknTMOb8vQ=

lodash@^4.17.21:
  version "4.17.21"
  resolved "https://registry.yarnpkg.com/lodash/-/lodash-4.17.21.tgz#679591c564c3bffaae8454cf0b3df370c3d6911c"
  integrity sha512-v2kDEe57lecTulaDIuNTPy3Ry4gLGJ6Z1O3vE1krgXZNrsQ+LFTGHVxVjcXPs17LhbZVGedAJv8XZ1tvj5FvSg==

loose-envify@^1.0.0, loose-envify@^1.1.0, loose-envify@^1.4.0:
  version "1.4.0"
  resolved "https://registry.yarnpkg.com/loose-envify/-/loose-envify-1.4.0.tgz#71ee51fa7be4caec1a63839f7e682d8132d30caf"
  integrity sha512-lyuxPGr/Wfhrlem2CL/UcnUc1zcqKAImBDzukY7Y5F/yQiNdko6+fRLevlw1HgMySw7f611UIY408EtxRSoK3Q==
  dependencies:
    js-tokens "^3.0.0 || ^4.0.0"

make-cancellable-promise@^1.0.0:
  version "1.0.0"
  resolved "https://registry.yarnpkg.com/make-cancellable-promise/-/make-cancellable-promise-1.0.0.tgz#826214115b0827ca7a45ba204df7c31546243870"
  integrity sha512-+YO6Grg2uy/z8Mv3uV90OP6yAUHIF43YGgEFbejmBrK9VWFsVO6DvzFMcopXr9wCNg3/QIltIKiSCROC7zFB2g==

make-event-props@^1.1.0:
  version "1.2.0"
  resolved "https://registry.yarnpkg.com/make-event-props/-/make-event-props-1.2.0.tgz#96b87d88919533b8f8934b58b4c3d5679459a0cf"
  integrity sha512-BmWFkm/jZzVH9A0tEBdkjAARUz/eha+5IRyfOndeSMKRadkgR5DawoBHoRwLxkYmjJOI5bHkXKpaZocxj+dKgg==

mdn-data@2.0.14:
  version "2.0.14"
  resolved "https://registry.yarnpkg.com/mdn-data/-/mdn-data-2.0.14.tgz#7113fc4281917d63ce29b43446f701e68c25ba50"
  integrity sha512-dn6wd0uw5GsdswPFfsgMp5NSB0/aDe6fK94YJV/AJDYXL6HVLWBsxeq7js7Ad+mU2K9LAlwpk6kN2D5mwCPVow==

medium-zoom@^1.0.6:
  version "1.0.6"
  resolved "https://registry.yarnpkg.com/medium-zoom/-/medium-zoom-1.0.6.tgz#9247f21ca9313d8bbe9420aca153a410df08d027"
  integrity sha512-UdiUWfvz9fZMg1pzf4dcuqA0W079o0mpqbTnOz5ip4VGYX96QjmbM+OgOU/0uOzAytxC0Ny4z+VcYQnhdifimg==

merge-class-names@^1.1.1:
  version "1.4.2"
  resolved "https://registry.yarnpkg.com/merge-class-names/-/merge-class-names-1.4.2.tgz#78d6d95ab259e7e647252a7988fd25a27d5a8835"
  integrity sha512-bOl98VzwCGi25Gcn3xKxnR5p/WrhWFQB59MS/aGENcmUc6iSm96yrFDF0XSNurX9qN4LbJm0R9kfvsQ17i8zCw==

mini-store@^3.0.1:
  version "3.0.6"
  resolved "https://registry.yarnpkg.com/mini-store/-/mini-store-3.0.6.tgz#44b86be5b2877271224ce0689b3a35a2dffb1ca9"
  integrity sha512-YzffKHbYsMQGUWQRKdsearR79QsMzzJcDDmZKlJBqt5JNkqpyJHYlK6gP61O36X+sLf76sO9G6mhKBe83gIZIQ==
  dependencies:
    hoist-non-react-statics "^3.3.2"
    shallowequal "^1.0.2"

minimist@^1.2.0:
  version "1.2.5"
  resolved "https://registry.yarnpkg.com/minimist/-/minimist-1.2.5.tgz#67d66014b66a6a8aaa0c083c5fd58df4e4e97602"
  integrity sha512-FM9nNUYrRBAELZQT3xeZQ7fmMOBg6nWNmJKTcgsJeaLstP/UODVpGsr5OhXhhXg6f+qtJ8uiZ+PUxkDWcgIXLw==

nano-css@^5.3.1:
  version "5.3.4"
  resolved "https://registry.yarnpkg.com/nano-css/-/nano-css-5.3.4.tgz#40af6a83a76f84204f346e8ccaa9169cdae9167b"
  integrity sha512-wfcviJB6NOxDIDfr7RFn/GlaN7I/Bhe4d39ZRCJ3xvZX60LVe2qZ+rDqM49nm4YT81gAjzS+ZklhKP/Gnfnubg==
  dependencies:
    css-tree "^1.1.2"
    csstype "^3.0.6"
    fastest-stable-stringify "^2.0.2"
    inline-style-prefixer "^6.0.0"
    rtl-css-js "^1.14.0"
    sourcemap-codec "^1.4.8"
    stacktrace-js "^2.0.2"
    stylis "^4.0.6"

node-ensure@^0.0.0:
  version "0.0.0"
  resolved "https://registry.yarnpkg.com/node-ensure/-/node-ensure-0.0.0.tgz#ecae764150de99861ec5c810fd5d096b183932a7"
  integrity sha1-7K52QVDemYYexcgQ/V0Jaxg5Mqc=

notion-types@^4.8.2:
  version "4.8.2"
  resolved "https://registry.yarnpkg.com/notion-types/-/notion-types-4.8.2.tgz#b7b1182a595f1a526c3617578874667cdf7e52fe"
  integrity sha512-WfmEv/3hgHkXtmmAL2rlS9i7MAdc2pIJZGoeqi8GnBK58XMW6zgkNFjrUBXJtaDiOjQ6nfVE/yepTj79LGhERw==

notion-utils@^4.8.6:
  version "4.8.6"
  resolved "https://registry.yarnpkg.com/notion-utils/-/notion-utils-4.8.6.tgz#cc10b3b5b6d7c54686404880a9008babbbe76651"
  integrity sha512-FM//qr5la71mnU1Sw5elfKbcbsBtDNi8wdtBeFGVXCLm0UYpNEAqfSAgf35EfuJ3AeMghCC8ge5ML+9bBpceUQ==
  dependencies:
    notion-types "^4.8.2"
    p-queue "^6.6.1"

object-assign@^4.1.1:
  version "4.1.1"
  resolved "https://registry.yarnpkg.com/object-assign/-/object-assign-4.1.1.tgz#2109adc7965887cfc05cbbd442cac8bfbb360863"
  integrity sha1-IQmtx5ZYh8/AXLvUQsrIv7s2CGM=

p-finally@^1.0.0:
  version "1.0.0"
  resolved "https://registry.yarnpkg.com/p-finally/-/p-finally-1.0.0.tgz#3fbcfb15b899a44123b34b6dcc18b724336a2cae"
  integrity sha1-P7z7FbiZpEEjs0ttzBi3JDNqLK4=

p-queue@^6.6.1:
  version "6.6.2"
  resolved "https://registry.yarnpkg.com/p-queue/-/p-queue-6.6.2.tgz#2068a9dcf8e67dd0ec3e7a2bcb76810faa85e426"
  integrity sha512-RwFpb72c/BhQLEXIZ5K2e+AhgNVmIejGlTgiB9MzZ0e93GRvqZ7uSi0dvRF7/XIXDeNkra2fNHBxTyPDGySpjQ==
  dependencies:
    eventemitter3 "^4.0.4"
    p-timeout "^3.2.0"

p-timeout@^3.2.0:
  version "3.2.0"
  resolved "https://registry.yarnpkg.com/p-timeout/-/p-timeout-3.2.0.tgz#c7e17abc971d2a7962ef83626b35d635acf23dfe"
  integrity sha512-rhIwUycgwwKcP9yTOOFK/AKsAopjjCakVqLHePO3CC6Mir1Z99xT+R63jZxAT5lFZLa2inS5h+ZS2GvR99/FBg==
  dependencies:
    p-finally "^1.0.0"

pdfjs-dist@2.1.266:
  version "2.1.266"
  resolved "https://registry.yarnpkg.com/pdfjs-dist/-/pdfjs-dist-2.1.266.tgz#cded02268b389559e807f410d2a729db62160026"
  integrity sha512-Jy7o1wE3NezPxozexSbq4ltuLT0Z21ew/qrEiAEeUZzHxMHGk4DUV1D7RuCXg5vJDvHmjX1YssN+we9QfRRgXQ==
  dependencies:
    node-ensure "^0.0.0"
    worker-loader "^2.0.0"

prismjs@^1.20.0:
  version "1.24.1"
  resolved "https://registry.yarnpkg.com/prismjs/-/prismjs-1.24.1.tgz#c4d7895c4d6500289482fa8936d9cdd192684036"
  integrity sha512-mNPsedLuk90RVJioIky8ANZEwYm5w9LcvCXrxHlwf4fNVSn8jEipMybMkWUyyF0JhnC+C4VcOVSBuHRKs1L5Ow==

prop-types@^15.6.2, prop-types@^15.7.2:
  version "15.7.2"
  resolved "https://registry.yarnpkg.com/prop-types/-/prop-types-15.7.2.tgz#52c41e75b8c87e72b9d9360e0206b99dcbffa6c5"
  integrity sha512-8QQikdH7//R2vurIJSutZ1smHYTcLpRWEOlHnzcWHmBYrOGUysKwSsrC89BCiFj3CbrfJ/nXFdJepOVrY1GCHQ==
  dependencies:
    loose-envify "^1.4.0"
    object-assign "^4.1.1"
    react-is "^16.8.1"

punycode@^2.1.0:
  version "2.1.1"
  resolved "https://registry.yarnpkg.com/punycode/-/punycode-2.1.1.tgz#b58b010ac40c22c5657616c8d2c2c02c7bf479ec"
  integrity sha512-XRsRjdf+j5ml+y/6GKHPZbrF/8p2Yga0JPtdqTIY2Xe5ohJPD9saDJJLPvp9+NSBprVvevdXZybnj2cv8OEd0A==

rc-align@^4.0.0:
  version "4.0.11"
  resolved "https://registry.yarnpkg.com/rc-align/-/rc-align-4.0.11.tgz#8198c62db266bc1b8ef05e56c13275bf72628a5e"
  integrity sha512-n9mQfIYQbbNTbefyQnRHZPWuTEwG1rY4a9yKlIWHSTbgwI+XUMGRYd0uJ5pE2UbrNX0WvnMBA1zJ3Lrecpra/A==
  dependencies:
    "@babel/runtime" "^7.10.1"
    classnames "2.x"
    dom-align "^1.7.0"
    lodash "^4.17.21"
    rc-util "^5.3.0"
    resize-observer-polyfill "^1.5.1"

rc-dropdown@^3.1.2:
  version "3.2.0"
  resolved "https://registry.yarnpkg.com/rc-dropdown/-/rc-dropdown-3.2.0.tgz#da6c2ada403842baee3a9e909a0b1a91ba3e1090"
  integrity sha512-j1HSw+/QqlhxyTEF6BArVZnTmezw2LnSmRk6I9W7BCqNCKaRwleRmMMs1PHbuaG8dKHVqP6e21RQ7vPBLVnnNw==
  dependencies:
    "@babel/runtime" "^7.10.1"
    classnames "^2.2.6"
    rc-trigger "^5.0.4"

rc-menu@^8.5.2:
  version "8.10.8"
  resolved "https://registry.yarnpkg.com/rc-menu/-/rc-menu-8.10.8.tgz#c3eb2158b3983e42a67192babad9c8128755d26a"
  integrity sha512-0gnSR0nmR/60NnK+72EGd+QheHyPSQ3wYg1TwX1zl0JJ9Gm0purFFykCXVv/G0Jynpt0QySPAos+bpHpjMZdoQ==
  dependencies:
    "@babel/runtime" "^7.10.1"
    classnames "2.x"
    mini-store "^3.0.1"
    rc-motion "^2.0.1"
    rc-trigger "^5.1.2"
    rc-util "^5.7.0"
    resize-observer-polyfill "^1.5.0"
    shallowequal "^1.1.0"

rc-motion@^2.0.0, rc-motion@^2.0.1:
  version "2.4.4"
  resolved "https://registry.yarnpkg.com/rc-motion/-/rc-motion-2.4.4.tgz#e995d5fa24fc93065c24f714857cf2677d655bb0"
  integrity sha512-ms7n1+/TZQBS0Ydd2Q5P4+wJTSOrhIrwNxLXCZpR7Fa3/oac7Yi803HDALc2hLAKaCTQtw9LmQeB58zcwOsqlQ==
  dependencies:
    "@babel/runtime" "^7.11.1"
    classnames "^2.2.1"
    rc-util "^5.2.1"

rc-trigger@^5.0.4, rc-trigger@^5.1.2:
  version "5.2.10"
  resolved "https://registry.yarnpkg.com/rc-trigger/-/rc-trigger-5.2.10.tgz#8a0057a940b1b9027eaa33beec8a6ecd85cce2b1"
  integrity sha512-FkUf4H9BOFDaIwu42fvRycXMAvkttph9AlbCZXssZDVzz2L+QZ0ERvfB/4nX3ZFPh1Zd+uVGr1DEDeXxq4J1TA==
  dependencies:
    "@babel/runtime" "^7.11.2"
    classnames "^2.2.6"
    rc-align "^4.0.0"
    rc-motion "^2.0.0"
    rc-util "^5.5.0"

rc-util@^5.2.1, rc-util@^5.3.0, rc-util@^5.5.0, rc-util@^5.7.0:
  version "5.13.2"
  resolved "https://registry.yarnpkg.com/rc-util/-/rc-util-5.13.2.tgz#a8a0bb77743351841ba8bed6393e03b8d2f685c8"
  integrity sha512-eYc71XXGlp96RMzg01Mhq/T3BL6OOVTDSS0urFEuvpi+e7slhJRhaHGCKy2hqJm18m9ff7VoRoptplKu60dYog==
  dependencies:
    "@babel/runtime" "^7.12.5"
    react-is "^16.12.0"
    shallowequal "^1.1.0"

react-dom@^17.0.2:
  version "17.0.2"
  resolved "https://registry.yarnpkg.com/react-dom/-/react-dom-17.0.2.tgz#ecffb6845e3ad8dbfcdc498f0d0a939736502c23"
  integrity sha512-s4h96KtLDUQlsENhMn1ar8t2bEa+q/YAtj8pPPdIjPDGBDIVNsrD9aXNWqspUe6AzKCIG0C1HZZLqLV7qpOBGA==
  dependencies:
    loose-envify "^1.1.0"
    object-assign "^4.1.1"
    scheduler "^0.20.2"

react-hotkeys-hook@^3.0.3:
  version "3.4.0"
  resolved "https://registry.yarnpkg.com/react-hotkeys-hook/-/react-hotkeys-hook-3.4.0.tgz#4d8a81e58eb7ec0d3f6e4fbc4cb0f7830fb6c2aa"
  integrity sha512-TFtMNb9ALuL3uvtqGpaehwCeua3uYCrG3dKUqd+hEI2UgbVU94ifA1AEeemXSF6K81llPDX1RZvp7teUEQzAPA==
  dependencies:
    hotkeys-js "3.8.7"

react-image@^4.0.3:
  version "4.0.3"
  resolved "https://registry.yarnpkg.com/react-image/-/react-image-4.0.3.tgz#6fa722877660b67295298a914bff1ed87ad2cf83"
  integrity sha512-19MUK9u1qaw9xys8XEsVkSpVhHctEBUeYFvrLTe1PN+4w5Co13AN2WA7xtBshPM6SthsOj77SlDrEAeOaJpf7g==

react-intersection-observer@^6.1.0:
  version "6.4.2"
  resolved "https://registry.yarnpkg.com/react-intersection-observer/-/react-intersection-observer-6.4.2.tgz#a061add707c37ea14e1308c77c2e286719347928"
  integrity sha512-gL6YrkhniA0tIbyDbUterzBwKh61vHR520rsKULel5T37gG4YP07wnWI3WoqOcKK5bKAu0PZB2FHD7/OjawN+w==
  dependencies:
    "@babel/runtime" "^7.2.0"
    invariant "^2.2.4"

react-is@^16.12.0, react-is@^16.7.0, react-is@^16.8.1:
  version "16.13.1"
  resolved "https://registry.yarnpkg.com/react-is/-/react-is-16.13.1.tgz#789729a4dc36de2999dc156dd6c1d9c18cea56a4"
  integrity sha512-24e6ynE2H+OKt4kqsOvNd8kBpV65zoxbA4BVsEOB3ARVWQki/DHzaUoC5KuON/BiccDaCCTZBuOcfZs70kR8bQ==

react-lazy-images@^1.1.0:
  version "1.1.0"
  resolved "https://registry.yarnpkg.com/react-lazy-images/-/react-lazy-images-1.1.0.tgz#c865445c96e568a6249db03a2bb2dccd49cb6f50"
  integrity sha512-h5DHFhkMJyh2qsDl3hXWu6d+On10FsgHtRJ+BH7xjgsFOvsqaii9CEwEESqPJrrAiHo1qrN1LgzrV8X3zctHKA==
  dependencies:
    react-intersection-observer "^6.1.0"
    unionize "^2.1.2"

react-lifecycles-compat@^3.0.0:
  version "3.0.4"
  resolved "https://registry.yarnpkg.com/react-lifecycles-compat/-/react-lifecycles-compat-3.0.4.tgz#4f1a273afdfc8f3488a8c516bfda78f872352362"
  integrity sha512-fBASbA6LnOU9dOU2eW7aQ8xmYBSXUIWr+UmF9b1efZBazGNO+rcXT/icdKnYm2pTwcRylVUYwW7H1PHfLekVzA==

react-modal@^3.11.2:
  version "3.14.3"
  resolved "https://registry.yarnpkg.com/react-modal/-/react-modal-3.14.3.tgz#7eb7c5ec85523e5843e2d4737cc17fc3f6aeb1c0"
  integrity sha512-+C2KODVKyu20zHXPJxfOOcf571L1u/EpFlH+oS/3YDn8rgVE51QZuxuuIwabJ8ZFnOEHaD+r6XNjqwtxZnXO0g==
  dependencies:
    exenv "^1.2.0"
    prop-types "^15.7.2"
    react-lifecycles-compat "^3.0.0"
    warning "^4.0.3"

react-pdf@^4.2.0:
  version "4.2.0"
  resolved "https://registry.yarnpkg.com/react-pdf/-/react-pdf-4.2.0.tgz#b83a01eb070912522075b7a51aee7d63b2c912ed"
  integrity sha512-Ao44mZszfPwtCUsrXHtXnhM+czTvPxfG5wqssbWgj2onL70TKSOKGzQfCH4csCnNDOKji/Pc/s0Og70/VOE+Rg==
  dependencies:
    "@babel/runtime" "^7.0.0"
    make-cancellable-promise "^1.0.0"
    make-event-props "^1.1.0"
    merge-class-names "^1.1.1"
    pdfjs-dist "2.1.266"
    prop-types "^15.6.2"

react-universal-interface@^0.6.2:
  version "0.6.2"
  resolved "https://registry.yarnpkg.com/react-universal-interface/-/react-universal-interface-0.6.2.tgz#5e8d438a01729a4dbbcbeeceb0b86be146fe2b3b"
  integrity sha512-dg8yXdcQmvgR13RIlZbTRQOoUrDciFVoSBZILwjE2LFISxZZ8loVJKAkuzswl5js8BHda79bIb2b84ehU8IjXw==

react-use@^17.2.4:
  version "17.3.1"
  resolved "https://registry.yarnpkg.com/react-use/-/react-use-17.3.1.tgz#12b248555775519aa2b900b22f1928d029bf99d1"
  integrity sha512-hs7+tS4rRm1QLHPfanLCqXIi632tP4V7Sai1ENUP2WTufU6am++tU9uSw9YrNCFqbABiEv0ndKU1XCUcfu2tXA==
  dependencies:
    "@types/js-cookie" "^2.2.6"
    "@xobotyi/scrollbar-width" "^1.9.5"
    copy-to-clipboard "^3.3.1"
    fast-deep-equal "^3.1.3"
    fast-shallow-equal "^1.0.0"
    js-cookie "^2.2.1"
    nano-css "^5.3.1"
    react-universal-interface "^0.6.2"
    resize-observer-polyfill "^1.5.1"
    screenfull "^5.1.0"
    set-harmonic-interval "^1.0.1"
    throttle-debounce "^3.0.1"
    ts-easing "^0.2.0"
    tslib "^2.1.0"

react@^17.0.2:
  version "17.0.2"
  resolved "https://registry.yarnpkg.com/react/-/react-17.0.2.tgz#d0b5cc516d29eb3eee383f75b62864cfb6800037"
  integrity sha512-gnhPt75i/dq/z3/6q/0asP78D0u592D5L1pd7M8P+dck6Fu/jJeL6iVVK23fptSUZj8Vjf++7wXA8UNclGQcbA==
  dependencies:
    loose-envify "^1.1.0"
    object-assign "^4.1.1"

regenerator-runtime@^0.13.4:
  version "0.13.9"
  resolved "https://registry.yarnpkg.com/regenerator-runtime/-/regenerator-runtime-0.13.9.tgz#8925742a98ffd90814988d7566ad30ca3b263b52"
  integrity sha512-p3VT+cOEgxFsRRA9X4lkI1E+k2/CtnKtU4gcxyaCUreilL/vqI6CdZ3wxVUx3UOUg+gnUOQQcRI7BmSI656MYA==

resize-observer-polyfill@^1.5.0, resize-observer-polyfill@^1.5.1:
  version "1.5.1"
  resolved "https://registry.yarnpkg.com/resize-observer-polyfill/-/resize-observer-polyfill-1.5.1.tgz#0e9020dd3d21024458d4ebd27e23e40269810464"
  integrity sha512-LwZrotdHOo12nQuZlHEmtuXdqGoOD0OhaxopaNFxWzInpEgaLWoVuAMbTzixuosCx2nEG58ngzW3vxdWoxIgdg==

rtl-css-js@^1.14.0:
  version "1.14.2"
  resolved "https://registry.yarnpkg.com/rtl-css-js/-/rtl-css-js-1.14.2.tgz#fb2168433af9cdabee8a1613f4e2cbd1148acf6f"
  integrity sha512-t6Wc/wpqm8s3kuXAV6tL/T7VS6n0XszzX58CgCsLj3O2xi9ITSLfzYhtl+GKyxCi/3QEqVctOJQwCiDzb2vteQ==
  dependencies:
    "@babel/runtime" "^7.1.2"

scheduler@^0.20.2:
  version "0.20.2"
  resolved "https://registry.yarnpkg.com/scheduler/-/scheduler-0.20.2.tgz#4baee39436e34aa93b4874bddcbf0fe8b8b50e91"
  integrity sha512-2eWfGgAqqWFGqtdMmcL5zCMK1U8KlXv8SQFGglL3CEtd0aDVDWgeF/YoCmvln55m5zSk3J/20hTaSBeSObsQDQ==
  dependencies:
    loose-envify "^1.1.0"
    object-assign "^4.1.1"

schema-utils@^0.4.0:
  version "0.4.7"
  resolved "https://registry.yarnpkg.com/schema-utils/-/schema-utils-0.4.7.tgz#ba74f597d2be2ea880131746ee17d0a093c68187"
  integrity sha512-v/iwU6wvwGK8HbU9yi3/nhGzP0yGSuhQMzL6ySiec1FSrZZDkhm4noOSWzrNFo/jEc+SJY6jRTwuwbSXJPDUnQ==
  dependencies:
    ajv "^6.1.0"
    ajv-keywords "^3.1.0"

screenfull@^5.1.0:
  version "5.1.0"
  resolved "https://registry.yarnpkg.com/screenfull/-/screenfull-5.1.0.tgz#85c13c70f4ead4c1b8a935c70010dfdcd2c0e5c8"
  integrity sha512-dYaNuOdzr+kc6J6CFcBrzkLCfyGcMg+gWkJ8us93IQ7y1cevhQAugFsaCdMHb6lw8KV3xPzSxzH7zM1dQap9mA==

set-harmonic-interval@^1.0.1:
  version "1.0.1"
  resolved "https://registry.yarnpkg.com/set-harmonic-interval/-/set-harmonic-interval-1.0.1.tgz#e1773705539cdfb80ce1c3d99e7f298bb3995249"
  integrity sha512-AhICkFV84tBP1aWqPwLZqFvAwqEoVA9kxNMniGEUvzOlm4vLmOFLiTT3UZ6bziJTy4bOVpzWGTfSCbmaayGx8g==

shallowequal@^1.0.2, shallowequal@^1.1.0:
  version "1.1.0"
  resolved "https://registry.yarnpkg.com/shallowequal/-/shallowequal-1.1.0.tgz#188d521de95b9087404fd4dcb68b13df0ae4e7f8"
  integrity sha512-y0m1JoUZSlPAjXVtPPW70aZWfIL/dSP7AFkRnniLCrK/8MDKog3TySTBmckD+RObVxH0v4Tox67+F14PdED2oQ==

source-map@0.5.6:
  version "0.5.6"
  resolved "https://registry.yarnpkg.com/source-map/-/source-map-0.5.6.tgz#75ce38f52bf0733c5a7f0c118d81334a2bb5f412"
  integrity sha1-dc449SvwczxafwwRjYEzSiu19BI=

source-map@^0.6.1:
  version "0.6.1"
  resolved "https://registry.yarnpkg.com/source-map/-/source-map-0.6.1.tgz#74722af32e9614e9c287a8d0bbde48b5e2f1a263"
  integrity sha512-UjgapumWlbMhkBgzT7Ykc5YXUT46F0iKu8SGXq0bcwP5dz/h0Plj6enJqjz1Zbq2l5WaqYnrVbwWOWMyF3F47g==

sourcemap-codec@^1.4.8:
  version "1.4.8"
  resolved "https://registry.yarnpkg.com/sourcemap-codec/-/sourcemap-codec-1.4.8.tgz#ea804bd94857402e6992d05a38ef1ae35a9ab4c4"
  integrity sha512-9NykojV5Uih4lgo5So5dtw+f0JgJX30KCNI8gwhz2J9A15wD0Ml6tjHKwf6fTSa6fAdVBdZeNOs9eJ71qCk8vA==

stack-generator@^2.0.5:
  version "2.0.5"
  resolved "https://registry.yarnpkg.com/stack-generator/-/stack-generator-2.0.5.tgz#fb00e5b4ee97de603e0773ea78ce944d81596c36"
  integrity sha512-/t1ebrbHkrLrDuNMdeAcsvynWgoH/i4o8EGGfX7dEYDoTXOYVAkEpFdtshlvabzc6JlJ8Kf9YdFEoz7JkzGN9Q==
  dependencies:
    stackframe "^1.1.1"

stackframe@^1.1.1:
  version "1.2.0"
  resolved "https://registry.yarnpkg.com/stackframe/-/stackframe-1.2.0.tgz#52429492d63c62eb989804c11552e3d22e779303"
  integrity sha512-GrdeshiRmS1YLMYgzF16olf2jJ/IzxXY9lhKOskuVziubpTYcYqyOwYeJKzQkwy7uN0fYSsbsC4RQaXf9LCrYA==

stacktrace-gps@^3.0.4:
  version "3.0.4"
  resolved "https://registry.yarnpkg.com/stacktrace-gps/-/stacktrace-gps-3.0.4.tgz#7688dc2fc09ffb3a13165ebe0dbcaf41bcf0c69a"
  integrity sha512-qIr8x41yZVSldqdqe6jciXEaSCKw1U8XTXpjDuy0ki/apyTn/r3w9hDAAQOhZdxvsC93H+WwwEu5cq5VemzYeg==
  dependencies:
    source-map "0.5.6"
    stackframe "^1.1.1"

stacktrace-js@^2.0.2:
  version "2.0.2"
  resolved "https://registry.yarnpkg.com/stacktrace-js/-/stacktrace-js-2.0.2.tgz#4ca93ea9f494752d55709a081d400fdaebee897b"
  integrity sha512-Je5vBeY4S1r/RnLydLl0TBTi3F2qdfWmYsGvtfZgEI+SCprPppaIhQf5nGcal4gI4cGpCV/duLcAzT1np6sQqg==
  dependencies:
    error-stack-parser "^2.0.6"
    stack-generator "^2.0.5"
    stacktrace-gps "^3.0.4"

stylis@^4.0.6:
  version "4.0.10"
  resolved "https://registry.yarnpkg.com/stylis/-/stylis-4.0.10.tgz#446512d1097197ab3f02fb3c258358c3f7a14240"
  integrity sha512-m3k+dk7QeJw660eIKRRn3xPF6uuvHs/FFzjX3HQ5ove0qYsiygoAhwn5a3IYKaZPo5LrYD0rfVmtv1gNY1uYwg==

throttle-debounce@^3.0.1:
  version "3.0.1"
  resolved "https://registry.yarnpkg.com/throttle-debounce/-/throttle-debounce-3.0.1.tgz#32f94d84dfa894f786c9a1f290e7a645b6a19abb"
  integrity sha512-dTEWWNu6JmeVXY0ZYoPuH5cRIwc0MeGbJwah9KUNYSJwommQpCzTySTpEe8Gs1J23aeWEuAobe4Ag7EHVt/LOg==

toggle-selection@^1.0.6:
  version "1.0.6"
  resolved "https://registry.yarnpkg.com/toggle-selection/-/toggle-selection-1.0.6.tgz#6e45b1263f2017fa0acc7d89d78b15b8bf77da32"
  integrity sha1-bkWxJj8gF/oKzH2J14sVuL932jI=

ts-easing@^0.2.0:
  version "0.2.0"
  resolved "https://registry.yarnpkg.com/ts-easing/-/ts-easing-0.2.0.tgz#c8a8a35025105566588d87dbda05dd7fbfa5a4ec"
  integrity sha512-Z86EW+fFFh/IFB1fqQ3/+7Zpf9t2ebOAxNI/V6Wo7r5gqiqtxmgTlQ1qbqQcjLKYeSHPTsEmvlJUDg/EuL0uHQ==

tslib@^2.1.0:
  version "2.3.1"
  resolved "https://registry.yarnpkg.com/tslib/-/tslib-2.3.1.tgz#e8a335add5ceae51aa261d32a490158ef042ef01"
  integrity sha512-77EbyPPpMz+FRFRuAFlWMtmgUWGe9UOG2Z25NqCwiIjRhOf5iKGuzSe5P2w1laq+FkRy4p+PCuVkJSGkzTEKVw==

unionize@^2.1.2:
  version "2.2.0"
  resolved "https://registry.yarnpkg.com/unionize/-/unionize-2.2.0.tgz#ce88635aa0793f28ab617abeac36172ba0aeb7bc"
  integrity sha512-lHXiL6LPVuRYBGCLOdUd4GMHoAGqM0HtYHAZcA6pUEiwN1nk+LEYlh8bud7saeL0bkFntJzCPEPVVJeFm3Cqsg==

uri-js@^4.2.2:
  version "4.4.1"
  resolved "https://registry.yarnpkg.com/uri-js/-/uri-js-4.4.1.tgz#9b1a52595225859e55f669d928f88c6c57f2a77e"
  integrity sha512-7rKUyy33Q1yc98pQ1DAmLtwX109F7TIfWlW1Ydo8Wl1ii1SeHieeh0HHfPeL2fMXK6z0s8ecKs9frCuLJvndBg==
  dependencies:
    punycode "^2.1.0"

warning@^4.0.3:
  version "4.0.3"
  resolved "https://registry.yarnpkg.com/warning/-/warning-4.0.3.tgz#16e9e077eb8a86d6af7d64aa1e05fd85b4678ca3"
  integrity sha512-rpJyN222KWIvHJ/F53XSZv0Zl/accqHR8et1kpaMTD/fLCRxtV8iX8czMzY7sVZupTI3zcUTg8eycS2kNF9l6w==
  dependencies:
    loose-envify "^1.0.0"

worker-loader@^2.0.0:
  version "2.0.0"
  resolved "https://registry.yarnpkg.com/worker-loader/-/worker-loader-2.0.0.tgz#45fda3ef76aca815771a89107399ee4119b430ac"
  integrity sha512-tnvNp4K3KQOpfRnD20m8xltE3eWh89Ye+5oj7wXEEHKac1P4oZ6p9oTj8/8ExqoSBnk9nu5Pr4nKfQ1hn2APJw==
  dependencies:
    loader-utils "^1.0.0"
    schema-utils "^0.4.0"
